{
    "hash": "358cc2dee9d9516c35fb2823e4eb7e11",
    "packages": [
        {
            "package": "doctrine/common",
            "version": "2.2.3"
        },
        {
            "package": "doctrine/dbal",
            "version": "2.2.2"
        },
        {
            "package": "doctrine/doctrine-bundle",
            "version": "v1.0.0"
        },
        {
            "package": "doctrine/orm",
            "version": "2.2.3"
        },
        {
            "package": "jms/aop-bundle",
            "version": "1.0.0"
        },
        {
            "package": "jms/cg",
            "version": "1.0.0"
        },
        {
            "package": "jms/di-extra-bundle",
            "version": "1.1.0"
        },
        {
            "package": "jms/metadata",
            "version": "1.1.1"
        },
        {
            "package": "jms/security-extra-bundle",
            "version": "1.2.0"
        },
        {
            "package": "kriswallsmith/assetic",
            "version": "dev-master",
            "alias-pretty-version": "1.1.x-dev",
            "alias-version": "1.1.9999999.9999999-dev"
        },
        {
            "package": "kriswallsmith/assetic",
            "version": "dev-master",
            "source-reference": "a6baab9b4c4361aca51bf90ee47c1586dff3cb0c",
            "commit-date": "1347622188"
        },
        {
            "package": "monolog/monolog",
            "version": "1.2.1"
        },
        {
            "package": "sensio/distribution-bundle",
            "version": "v2.1.0"
        },
        {
            "package": "sensio/framework-extra-bundle",
            "version": "v2.1.0"
        },
        {
            "package": "sensio/generator-bundle",
            "version": "v2.1.0"
        },
        {
            "package": "swiftmailer/swiftmailer",
            "version": "v4.2.1"
        },
        {
            "package": "symfony/assetic-bundle",
            "version": "v2.1.0"
        },
        {
            "package": "symfony/monolog-bundle",
            "version": "v2.1.0"
        },
        {
            "package": "symfony/swiftmailer-bundle",
            "version": "v2.1.0"
        },
        {
            "package": "symfony/symfony",
            "version": "v2.1.1"
        },
        {
            "package": "twig/extensions",
            "version": "dev-master",
            "alias-pretty-version": "1.0.x-dev",
            "alias-version": "1.0.9999999.9999999-dev"
        },
        {
            "package": "twig/extensions",
            "version": "dev-master",
            "source-reference": "f904575642b1213db69b4a98f08397e722ba1cae",
            "commit-date": "1346770278"
        },
        {
            "package": "twig/twig",
            "version": "v1.9.2"
        }
    ],
    "packages-dev": null,
    "aliases": [

    ],
    "minimum-stability": "stable",
    "stability-flags": {
        "twig/extensions": 20,
        "kriswallsmith/assetic": 20
    }
}
