{
    "hash": "2b82f0768dcf3d39e390805d2b22908d",
    "packages": [
        {
            "name": "doctrine/common",
            "version": "2.2.3",
            "source": {
                "type": "git",
                "url": "https://github.com/doctrine/common",
                "reference": "2.2.3"
            },
            "dist": {
                "type": "zip",
                "url": "https://github.com/doctrine/common/zipball/2.2.3",
                "reference": "2.2.3",
                "shasum": ""
            },
            "require": {
                "php": ">=5.3.2"
            },
            "time": "2012-08-29 12:04:14",
            "type": "library",
            "installation-source": "dist",
            "autoload": {
                "psr-0": {
                    "Doctrine\\Common": "lib/"
                }
            }
        },
        {
            "name": "doctrine/dbal",
            "version": "2.2.2",
            "source": {
                "type": "git",
                "url": "https://github.com/doctrine/dbal",
                "reference": "2.2.2"
            },
            "dist": {
                "type": "zip",
                "url": "https://github.com/doctrine/dbal/zipball/2.2.2",
                "reference": "2.2.2",
                "shasum": ""
            },
            "require": {
                "php": ">=5.3.2",
                "doctrine/common": ">=2.2.0,<=2.2.99"
            },
            "time": "2012-04-13 11:56:12",
            "type": "library",
            "installation-source": "dist",
            "autoload": {
                "psr-0": {
                    "Doctrine\\DBAL": "lib/"
                }
            }
        },
        {
            "name": "doctrine/doctrine-bundle",
            "version": "v1.0.0",
            "target-dir": "Doctrine/Bundle/DoctrineBundle",
            "source": {
                "type": "git",
                "url": "git://github.com/doctrine/DoctrineBundle.git",
                "reference": "v1.0.0"
            },
            "dist": {
                "type": "zip",
                "url": "https://github.com/doctrine/DoctrineBundle/zipball/v1.0.0",
                "reference": "v1.0.0",
                "shasum": ""
            },
            "require": {
                "php": ">=5.3.2",
                "symfony/framework-bundle": "2.1.*",
                "symfony/doctrine-bridge": "2.1.*",
                "doctrine/dbal": ">=2.2,<2.4-dev"
            },
            "require-dev": {
                "doctrine/orm": ">=2.2,<2.4-dev",
                "symfony/yaml": "2.1.*",
                "symfony/validator": "2.1.*"
            },
            "suggest": {
                "doctrine/orm": "The Doctrine ORM integration is optional in the bundle."
            },
            "time": "2012-09-08 01:18:21",
            "type": "symfony-bundle",
            "extra": {
                "branch-alias": {
                    "dev-master": "1.0.x-dev"
                }
            },
            "installation-source": "dist",
            "autoload": {
                "psr-0": {
                    "Doctrine\\Bundle\\DoctrineBundle": ""
                }
            }
        },
        {
            "name": "doctrine/orm",
            "version": "2.2.3",
            "source": {
                "type": "git",
                "url": "git://github.com/doctrine/doctrine2.git",
                "reference": "2.2.3"
            },
            "dist": {
                "type": "zip",
                "url": "https://github.com/doctrine/doctrine2/zipball/2.2.3",
                "reference": "2.2.3",
                "shasum": ""
            },
            "require": {
                "php": ">=5.3.2",
                "ext-pdo": "*",
                "doctrine/common": "2.2.*",
                "doctrine/dbal": "2.2.*"
            },
            "time": "2012-07-29 15:22:34",
            "type": "library",
            "installation-source": "dist",
            "autoload": {
                "psr-0": {
                    "Doctrine\\ORM": "lib/"
                }
            }
        },
        {
            "name": "jms/aop-bundle",
            "version": "1.0.0",
            "target-dir": "JMS/AopBundle",
            "source": {
                "type": "git",
                "url": "https://github.com/schmittjoh/JMSAopBundle",
                "reference": "1.0.0"
            },
            "dist": {
                "type": "zip",
                "url": "https://github.com/schmittjoh/JMSAopBundle/zipball/1.0.0",
                "reference": "1.0.0",
                "shasum": ""
            },
            "require": {
                "symfony/framework-bundle": "2.*",
                "jms/cg": "1.0.0"
            },
            "time": "2012-01-03 01:50:26",
            "type": "symfony-bundle",
            "installation-source": "dist",
            "autoload": {
                "psr-0": {
                    "JMS\\AopBundle": ""
                }
            }
        },
        {
            "name": "jms/cg",
            "version": "1.0.0",
            "source": {
                "type": "git",
                "url": "git://github.com/schmittjoh/cg-library.git",
                "reference": "1.0.0"
            },
            "dist": {
                "type": "zip",
                "url": "https://github.com/schmittjoh/cg-library/zipball/1.0.0",
                "reference": "1.0.0",
                "shasum": ""
            },
            "require": {
                "php": ">=5.3.0"
            },
            "time": "2012-01-03 01:40:52",
            "type": "library",
            "installation-source": "dist",
            "autoload": {
                "psr-0": {
                    "CG\\": "src/"
                }
            }
        },
        {
            "name": "jms/di-extra-bundle",
            "version": "1.1.0",
            "target-dir": "JMS/DiExtraBundle",
            "source": {
                "type": "git",
                "url": "https://github.com/schmittjoh/JMSDiExtraBundle",
                "reference": "1.1.0"
            },
            "dist": {
                "type": "zip",
                "url": "https://github.com/schmittjoh/JMSDiExtraBundle/zipball/1.1.0",
                "reference": "1.1.0",
                "shasum": ""
            },
            "require": {
                "symfony/framework-bundle": "2.1.*",
                "jms/aop-bundle": "1.0.*",
                "jms/metadata": "1.1.*"
            },
            "time": "2012-09-06 20:07:54",
            "type": "symfony-bundle",
            "installation-source": "dist",
            "autoload": {
                "psr-0": {
                    "JMS\\DiExtraBundle": ""
                }
            }
        },
        {
            "name": "jms/metadata",
            "version": "1.1.1",
            "source": {
                "type": "git",
                "url": "https://github.com/schmittjoh/metadata",
                "reference": "1.1.1"
            },
            "dist": {
                "type": "zip",
                "url": "https://github.com/schmittjoh/metadata/zipball/1.1.1",
                "reference": "1.1.1",
                "shasum": ""
            },
            "require": {
                "php": ">=5.3.0"
            },
            "time": "2012-01-03 02:32:49",
            "type": "library",
            "installation-source": "dist",
            "autoload": {
                "psr-0": {
                    "Metadata\\": "src/"
                }
            }
        },
        {
            "name": "jms/security-extra-bundle",
            "version": "1.2.0",
            "target-dir": "JMS/SecurityExtraBundle",
            "source": {
                "type": "git",
                "url": "https://github.com/schmittjoh/JMSSecurityExtraBundle",
                "reference": "1.2.0"
            },
            "dist": {
                "type": "zip",
                "url": "https://github.com/schmittjoh/JMSSecurityExtraBundle/zipball/1.2.0",
                "reference": "1.2.0",
                "shasum": ""
            },
            "require": {
                "symfony/framework-bundle": "2.1.*",
                "symfony/security-bundle": "*",
                "jms/metadata": "1.1.*",
                "jms/aop-bundle": "1.0.*",
                "jms/di-extra-bundle": "1.1.*"
            },
            "require-dev": {
                "sensio/framework-extra-bundle": "*",
                "symfony/class-loader": "*",
                "symfony/yaml": "*",
                "symfony/browser-kit": "*",
                "symfony/finder": "*",
                "symfony/css-selector": "*",
                "symfony/process": "*",
                "doctrine/doctrine-bundle": "*",
                "symfony/twig-bundle": "*",
                "doctrine/orm": "*",
                "symfony/form": "*",
                "symfony/validator": "*"
            },
            "time": "2012-09-06 20:12:03",
            "type": "symfony-bundle",
            "installation-source": "dist",
            "autoload": {
                "psr-0": {
                    "JMS\\SecurityExtraBundle": ""
                }
            }
        },
        {
            "name": "kriswallsmith/assetic",
            "version": "dev-master",
            "source": {
                "type": "git",
                "url": "http://github.com/kriswallsmith/assetic.git",
                "reference": "a6baab9b4c4361aca51bf90ee47c1586dff3cb0c"
            },
            "dist": {
                "type": "zip",
                "url": "https://github.com/kriswallsmith/assetic/zipball/a6baab9b4c4361aca51bf90ee47c1586dff3cb0c",
                "reference": "a6baab9b4c4361aca51bf90ee47c1586dff3cb0c",
                "shasum": ""
            },
            "require": {
                "symfony/process": "2.1.*",
                "php": ">=5.3.1"
            },
            "require-dev": {
                "twig/twig": ">=1.6.0,<2.0",
                "leafo/lessphp": "*",
                "leafo/scssphp": "*",
                "ptachoire/cssembed": "*",
                "leafo/scssphp-compass": "*"
            },
            "suggest": {
                "twig/twig": "Assetic provides the integration with the Twig templating engine",
                "leafo/lessphp": "Assetic provides the integration with the lessphp LESS compiler",
                "leafo/scssphp": "Assetic provides the integration with the scssphp SCSS compiler",
                "ptachoire/cssembed": "Assetic provides the integration with phpcssembed to embed data uris",
                "leafo/scssphp-compass": "Assetic provides the integration with the SCSS compass plugin"
            },
            "time": "1347622188",
            "type": "library",
            "extra": {
                "branch-alias": {
                    "dev-master": "1.1-dev"
                }
            },
            "installation-source": "source",
            "autoload": {
                "psr-0": {
                    "Assetic": "src/"
                },
                "files": [
                    "src/functions.php"
                ]
            }
        },
        {
            "name": "monolog/monolog",
            "version": "1.2.1",
            "source": {
                "type": "git",
                "url": "https://github.com/Seldaek/monolog",
                "reference": "1.2.1"
            },
            "dist": {
                "type": "zip",
                "url": "https://github.com/Seldaek/monolog/zipball/1.2.1",
                "reference": "1.2.1",
                "shasum": ""
            },
            "require": {
                "php": ">=5.3.0"
            },
            "require-dev": {
                "mlehner/gelf-php": "1.0.*"
            },
            "suggest": {
                "mlehner/gelf-php": "Allow sending log messages to a GrayLog2 server",
                "ext-amqp": "Allow sending log messages to an AMQP server (1.0+ required)",
                "ext-mongo": "Allow sending log messages to a MongoDB server"
            },
            "time": "2012-08-29 15:53:20",
            "type": "library",
            "extra": {
                "branch-alias": {
                    "dev-master": "1.3.x-dev"
                }
            },
            "installation-source": "dist",
            "autoload": {
                "psr-0": {
                    "Monolog": "src/"
                }
            }
        },
        {
            "name": "sensio/distribution-bundle",
            "version": "v2.1.0",
            "target-dir": "Sensio/Bundle/DistributionBundle",
            "source": {
                "type": "git",
                "url": "https://github.com/sensio/SensioDistributionBundle",
                "reference": "v2.1.0"
            },
            "dist": {
                "type": "zip",
                "url": "https://github.com/sensio/SensioDistributionBundle/zipball/v2.1.0",
                "reference": "v2.1.0",
                "shasum": ""
            },
            "require": {
                "symfony/framework-bundle": "2.1.*"
            },
            "time": "2012-09-05 19:32:12",
            "type": "symfony-bundle",
            "extra": {
                "branch-alias": {
                    "dev-master": "2.1.x-dev"
                }
            },
            "installation-source": "dist",
            "autoload": {
                "psr-0": {
                    "Sensio\\Bundle\\DistributionBundle": ""
                }
            }
        },
        {
            "name": "sensio/framework-extra-bundle",
            "version": "v2.1.0",
            "target-dir": "Sensio/Bundle/FrameworkExtraBundle",
            "source": {
                "type": "git",
                "url": "https://github.com/sensio/SensioFrameworkExtraBundle",
                "reference": "v2.1.0"
            },
            "dist": {
                "type": "zip",
                "url": "https://github.com/sensio/SensioFrameworkExtraBundle/zipball/v2.1.0",
                "reference": "v2.1.0",
                "shasum": ""
            },
            "require": {
                "symfony/framework-bundle": "2.1.*",
                "doctrine/common": ">=2.1,<2.4-dev"
            },
            "time": "2012-08-29 14:02:19",
            "type": "symfony-bundle",
            "extra": {
                "branch-alias": {
                    "dev-master": "2.1.x-dev"
                }
            },
            "installation-source": "dist",
            "autoload": {
                "psr-0": {
                    "Sensio\\Bundle\\FrameworkExtraBundle": ""
                }
            }
        },
        {
            "name": "sensio/generator-bundle",
            "version": "v2.1.0",
            "target-dir": "Sensio/Bundle/GeneratorBundle",
            "source": {
                "type": "git",
                "url": "https://github.com/sensio/SensioGeneratorBundle",
                "reference": "v2.1.0-RC2"
            },
            "dist": {
                "type": "zip",
                "url": "https://github.com/sensio/SensioGeneratorBundle/zipball/v2.1.0-RC2",
                "reference": "v2.1.0-RC2",
                "shasum": ""
            },
            "require": {
                "symfony/framework-bundle": "2.1.*"
            },
            "require-dev": {
                "symfony/doctrine-bridge": "2.1.*",
                "doctrine/orm": ">=2.1,<2.4-dev",
                "twig/twig": ">=1.8,<2.0-dev"
            },
            "time": "2012-08-28 11:16:11",
            "type": "symfony-bundle",
            "extra": {
                "branch-alias": {
                    "dev-master": "2.1.x-dev"
                }
            },
            "installation-source": "dist",
            "autoload": {
                "psr-0": {
                    "Sensio\\Bundle\\GeneratorBundle": ""
                }
            }
        },
        {
            "name": "swiftmailer/swiftmailer",
            "version": "v4.2.1",
            "source": {
                "type": "git",
                "url": "git://github.com/swiftmailer/swiftmailer.git",
                "reference": "v4.2.1"
            },
            "dist": {
                "type": "zip",
                "url": "https://github.com/swiftmailer/swiftmailer/zipball/v4.2.1",
                "reference": "v4.2.1",
                "shasum": ""
            },
            "require": {
                "php": ">=5.2.4"
            },
            "time": "2012-07-13 20:46:37",
            "type": "library",
            "extra": {
                "branch-alias": {
                    "dev-master": "4.2-dev"
                }
            },
            "installation-source": "dist",
            "autoload": {
                "files": [
                    "lib/swift_required.php"
                ]
            }
        },
        {
            "name": "symfony/assetic-bundle",
            "version": "v2.1.0",
            "target-dir": "Symfony/Bundle/AsseticBundle",
            "source": {
                "type": "git",
                "url": "https://github.com/symfony/AsseticBundle",
                "reference": "v2.1.0-RC2"
            },
            "dist": {
                "type": "zip",
                "url": "https://github.com/symfony/AsseticBundle/zipball/v2.1.0-RC2",
                "reference": "v2.1.0-RC2",
                "shasum": ""
            },
            "require": {
                "php": ">=5.3.0",
                "symfony/framework-bundle": "2.1.*",
                "kriswallsmith/assetic": "1.1.*"
            },
            "require-dev": {
                "symfony/twig-bundle": "2.1.*",
                "symfony/console": "2.1.*",
                "symfony/class-loader": "2.1.*",
                "symfony/yaml": "2.1.*",
                "symfony/form": "2.1.*",
                "symfony/dom-crawler": "2.1.*",
                "symfony/css-selector": "2.1.*"
            },
            "suggest": {
                "symfony/twig-bundle": "2.1.*"
            },
            "time": "2012-08-28 14:22:44",
            "type": "symfony-bundle",
            "extra": {
                "branch-alias": {
                    "dev-master": "2.1.x-dev"
                }
            },
            "installation-source": "dist",
            "autoload": {
                "psr-0": {
                    "Symfony\\Bundle\\AsseticBundle": ""
                }
            }
        },
        {
            "name": "symfony/monolog-bundle",
            "version": "v2.1.0",
            "target-dir": "Symfony/Bundle/MonologBundle",
            "source": {
                "type": "git",
                "url": "https://github.com/symfony/MonologBundle",
                "reference": "v2.1.0-RC2"
            },
            "dist": {
                "type": "zip",
                "url": "https://github.com/symfony/MonologBundle/zipball/v2.1.0-RC2",
                "reference": "v2.1.0-RC2",
                "shasum": ""
            },
            "require": {
                "php": ">=5.3.2",
                "symfony/monolog-bridge": "2.1.*",
                "symfony/dependency-injection": "2.1.*",
                "symfony/config": "2.1.*",
                "monolog/monolog": "1.*"
            },
            "require-dev": {
                "symfony/yaml": "2.1.*",
                "symfony/config": "2.1.*"
            },
            "time": "2012-08-21 18:05:54",
            "type": "symfony-bundle",
            "extra": {
                "branch-alias": {
                    "dev-master": "2.1.x-dev"
                }
            },
            "installation-source": "dist",
            "autoload": {
                "psr-0": {
                    "Symfony\\Bundle\\MonologBundle": ""
                }
            }
        },
        {
            "name": "symfony/swiftmailer-bundle",
            "version": "v2.1.0",
            "target-dir": "Symfony/Bundle/SwiftmailerBundle",
            "source": {
                "type": "git",
                "url": "https://github.com/symfony/SwiftmailerBundle",
                "reference": "v2.1.0"
            },
            "dist": {
                "type": "zip",
                "url": "https://github.com/symfony/SwiftmailerBundle/zipball/v2.1.0",
                "reference": "v2.1.0",
                "shasum": ""
            },
            "require": {
                "php": ">=5.3.2",
                "swiftmailer/swiftmailer": ">=4.2.0,<4.3-dev",
                "symfony/swiftmailer-bridge": "2.1.*"
            },
            "require-dev": {
                "symfony/dependency-injection": "2.1.*",
                "symfony/http-kernel": "2.1.*",
                "symfony/config": "2.1.*"
            },
            "time": "2012-08-28 14:21:09",
            "type": "symfony-bundle",
            "extra": {
                "branch-alias": {
                    "dev-master": "2.1-dev"
                }
            },
            "installation-source": "dist",
            "autoload": {
                "psr-0": {
                    "Symfony\\Bundle\\SwiftmailerBundle": ""
                }
            }
        },
        {
            "name": "symfony/symfony",
            "version": "v2.1.1",
            "source": {
                "type": "git",
                "url": "git://github.com/symfony/symfony.git",
                "reference": "v2.1.1"
            },
            "dist": {
                "type": "zip",
                "url": "https://github.com/symfony/symfony/zipball/v2.1.1",
                "reference": "v2.1.1",
                "shasum": ""
            },
            "require": {
                "php": ">=5.3.3",
                "doctrine/common": ">2.2,<2.4-dev",
                "twig/twig": ">=1.9.1,<2.0-dev"
            },
            "replace": {
                "symfony/doctrine-bridge": "self.version",
                "symfony/monolog-bridge": "self.version",
                "symfony/propel1-bridge": "self.version",
                "symfony/swiftmailer-bridge": "self.version",
                "symfony/twig-bridge": "self.version",
                "symfony/framework-bundle": "self.version",
                "symfony/security-bundle": "self.version",
                "symfony/twig-bundle": "self.version",
                "symfony/web-profiler-bundle": "self.version",
                "symfony/browser-kit": "self.version",
                "symfony/class-loader": "self.version",
                "symfony/config": "self.version",
                "symfony/console": "self.version",
                "symfony/css-selector": "self.version",
                "symfony/dependency-injection": "self.version",
                "symfony/dom-crawler": "self.version",
                "symfony/event-dispatcher": "self.version",
                "symfony/filesystem": "self.version",
                "symfony/finder": "self.version",
                "symfony/form": "self.version",
                "symfony/http-foundation": "self.version",
                "symfony/http-kernel": "self.version",
                "symfony/locale": "self.version",
                "symfony/options-resolver": "self.version",
                "symfony/process": "self.version",
                "symfony/routing": "self.version",
                "symfony/security": "self.version",
                "symfony/serializer": "self.version",
                "symfony/templating": "self.version",
                "symfony/translation": "self.version",
                "symfony/validator": "self.version",
                "symfony/yaml": "self.version"
            },
            "require-dev": {
                "doctrine/dbal": ">=2.2,<2.4-dev",
                "doctrine/orm": ">=2.2.3,<2.4-dev",
                "doctrine/data-fixtures": "1.0.*",
                "propel/propel1": "dev-master",
                "monolog/monolog": "dev-master"
            },
            "time": "2012-09-11 09:00:41",
            "type": "library",
            "extra": {
                "branch-alias": {
                    "dev-master": "2.1-dev"
                }
            },
            "installation-source": "dist",
            "autoload": {
                "psr-0": {
                    "Symfony": "src/",
                    "SessionHandlerInterface": "src/Symfony/Component/HttpFoundation/Resources/stubs"
                }
            }
        },
        {
            "name": "twig/extensions",
            "version": "dev-master",
            "source": {
                "type": "git",
                "url": "https://github.com/fabpot/Twig-extensions",
                "reference": "f904575642b1213db69b4a98f08397e722ba1cae"
            },
            "dist": {
                "type": "zip",
                "url": "https://github.com/fabpot/Twig-extensions/zipball/f904575642b1213db69b4a98f08397e722ba1cae",
                "reference": "f904575642b1213db69b4a98f08397e722ba1cae",
                "shasum": ""
            },
            "require": {
                "twig/twig": "1.*"
            },
            "time": "1346770278",
            "type": "library",
            "extra": {
                "branch-alias": {
                    "dev-master": "1.0.x-dev"
                }
            },
            "installation-source": "source",
            "autoload": {
                "psr-0": {
                    "Twig_Extensions_": "lib/"
                }
            }
        },
        {
            "name": "twig/twig",
            "version": "v1.9.2",
            "source": {
                "type": "git",
                "url": "git://github.com/fabpot/Twig.git",
                "reference": "v1.9.2"
            },
            "dist": {
                "type": "zip",
                "url": "https://github.com/fabpot/Twig/zipball/v1.9.2",
                "reference": "v1.9.2",
                "shasum": ""
            },
            "require": {
                "php": ">=5.2.4"
            },
            "time": "2012-08-25 21:32:57",
            "type": "library",
            "extra": {
                "branch-alias": {
                    "dev-master": "1.9-dev"
                }
            },
            "installation-source": "dist",
            "autoload": {
                "psr-0": {
                    "Twig_": "lib/"
                }
            }
        }
    ],
    "packages-dev": null,
    "aliases": [

    ],
    "minimum-stability": "stable",
    "stability-flags": {
        "twig/extensions": 20,
        "kriswallsmith/assetic": 20
    }
}
